{
  "pins" : [
    {
      "identity" : "localstorage",
      "kind" : "remoteSourceControl",
      "location" : "git@github.com:palade91/LocalStorage.git",
      "state" : {
        "revision" : "41f4c45304df6dfb9e089821e71e2a135928463e",
        "version" : "0.0.3"
      }
    }
  ],
  "version" : 2
}
